
Microsoft Visual Studio Solution File, Format Version 12.00
# Visual Studio Version 17
VisualStudioVersion = 17.4.33122.133
MinimumVisualStudioVersion = 10.0.40219.1
Project("{2150E333-8FDC-42A3-9474-1A3956D46DE8}") = "Services", "Services", "{E6C9DEBA-A7CC-4E47-B494-06DCC6E226BD}"
EndProject
Project("{2150E333-8FDC-42A3-9474-1A3956D46DE8}") = "Catalog", "Catalog", "{8BE1D234-5838-4C08-8443-ED3704EC4733}"
EndProject
Project("{9A19103F-16F7-4668-BE54-9A1E7A4F7556}") = "Catalog.API", "Services\Catalog\Catalog.API\Catalog.API.csproj", "{F8E01203-D5D3-4CD6-B9CC-40BCF13CDE77}"
EndProject
Project("{E53339B2-1760-4266-BCC7-CA923CBCF16C}") = "docker-compose", "docker-compose.dcproj", "{136F6CC8-9E09-42A6-BDEF-62BBCAEAC099}"
EndProject
Project("{2150E333-8FDC-42A3-9474-1A3956D46DE8}") = "Basket", "Basket", "{045933D4-8E23-432B-B36D-FAFE3054C5E6}"
EndProject
Project("{9A19103F-16F7-4668-BE54-9A1E7A4F7556}") = "Basket.API", "Services\Basket\Basket.API\Basket.API.csproj", "{44E16655-5ED0-4959-AA30-EA113E810A36}"
EndProject
Project("{2150E333-8FDC-42A3-9474-1A3956D46DE8}") = "Discount", "Discount", "{4597CAC6-B195-47E9-9F6B-284DE5F3350E}"
EndProject
Project("{9A19103F-16F7-4668-BE54-9A1E7A4F7556}") = "Discount.API", "Services\Discount\Discount.API\Discount.API.csproj", "{F89A9E24-7A6A-4437-BC49-BF7243E03EE4}"
EndProject
Project("{9A19103F-16F7-4668-BE54-9A1E7A4F7556}") = "Discount.Grpc", "Services\Discount\Discount.Grpc\Discount.Grpc.csproj", "{17C7F7D4-A447-4AFB-A1DA-855957B88F8F}"
EndProject
Project("{2150E333-8FDC-42A3-9474-1A3956D46DE8}") = "Ordering", "Ordering", "{33BD7046-D309-4C10-87D8-ED35E7AAE474}"
EndProject
Project("{FAE04EC0-301F-11D3-BF4B-00C04F79EFBC}") = "Ordering.API", "Services\Ordering\Ordering.API\Ordering.API.csproj", "{11D8A620-986B-47B7-8BDF-984C76E6D1A4}"
EndProject
Project("{FAE04EC0-301F-11D3-BF4B-00C04F79EFBC}") = "Ordering.Domain", "Services\Ordering\Ordering.Domain\Ordering.Domain.csproj", "{A9086071-E942-4DAB-B3A5-38207E3AB52B}"
EndProject
Project("{FAE04EC0-301F-11D3-BF4B-00C04F79EFBC}") = "Ordering.Application", "Services\Ordering\Ordering.Application\Ordering.Application.csproj", "{451C6B3A-4728-46E7-A044-A1378AC07A58}"
EndProject
Project("{FAE04EC0-301F-11D3-BF4B-00C04F79EFBC}") = "Ordering.Infrastructure", "Services\Ordering\Ordering.Infrastructure\Ordering.Infrastructure.csproj", "{ADBAC4A6-6B74-4FE5-8628-CD678BFA2AC0}"
EndProject
Global
	GlobalSection(SolutionConfigurationPlatforms) = preSolution
		Debug|Any CPU = Debug|Any CPU
		Release|Any CPU = Release|Any CPU
	EndGlobalSection
	GlobalSection(ProjectConfigurationPlatforms) = postSolution
		{F8E01203-D5D3-4CD6-B9CC-40BCF13CDE77}.Debug|Any CPU.ActiveCfg = Debug|Any CPU
		{F8E01203-D5D3-4CD6-B9CC-40BCF13CDE77}.Debug|Any CPU.Build.0 = Debug|Any CPU
		{F8E01203-D5D3-4CD6-B9CC-40BCF13CDE77}.Release|Any CPU.ActiveCfg = Release|Any CPU
		{F8E01203-D5D3-4CD6-B9CC-40BCF13CDE77}.Release|Any CPU.Build.0 = Release|Any CPU
		{136F6CC8-9E09-42A6-BDEF-62BBCAEAC099}.Debug|Any CPU.ActiveCfg = Debug|Any CPU
		{136F6CC8-9E09-42A6-BDEF-62BBCAEAC099}.Debug|Any CPU.Build.0 = Debug|Any CPU
		{136F6CC8-9E09-42A6-BDEF-62BBCAEAC099}.Release|Any CPU.ActiveCfg = Release|Any CPU
		{136F6CC8-9E09-42A6-BDEF-62BBCAEAC099}.Release|Any CPU.Build.0 = Release|Any CPU
		{44E16655-5ED0-4959-AA30-EA113E810A36}.Debug|Any CPU.ActiveCfg = Debug|Any CPU
		{44E16655-5ED0-4959-AA30-EA113E810A36}.Debug|Any CPU.Build.0 = Debug|Any CPU
		{44E16655-5ED0-4959-AA30-EA113E810A36}.Release|Any CPU.ActiveCfg = Release|Any CPU
		{44E16655-5ED0-4959-AA30-EA113E810A36}.Release|Any CPU.Build.0 = Release|Any CPU
		{F89A9E24-7A6A-4437-BC49-BF7243E03EE4}.Debug|Any CPU.ActiveCfg = Debug|Any CPU
		{F89A9E24-7A6A-4437-BC49-BF7243E03EE4}.Debug|Any CPU.Build.0 = Debug|Any CPU
		{F89A9E24-7A6A-4437-BC49-BF7243E03EE4}.Release|Any CPU.ActiveCfg = Release|Any CPU
		{F89A9E24-7A6A-4437-BC49-BF7243E03EE4}.Release|Any CPU.Build.0 = Release|Any CPU
		{17C7F7D4-A447-4AFB-A1DA-855957B88F8F}.Debug|Any CPU.ActiveCfg = Debug|Any CPU
		{17C7F7D4-A447-4AFB-A1DA-855957B88F8F}.Debug|Any CPU.Build.0 = Debug|Any CPU
		{17C7F7D4-A447-4AFB-A1DA-855957B88F8F}.Release|Any CPU.ActiveCfg = Release|Any CPU
		{17C7F7D4-A447-4AFB-A1DA-855957B88F8F}.Release|Any CPU.Build.0 = Release|Any CPU
		{11D8A620-986B-47B7-8BDF-984C76E6D1A4}.Debug|Any CPU.ActiveCfg = Debug|Any CPU
		{11D8A620-986B-47B7-8BDF-984C76E6D1A4}.Debug|Any CPU.Build.0 = Debug|Any CPU
		{11D8A620-986B-47B7-8BDF-984C76E6D1A4}.Release|Any CPU.ActiveCfg = Release|Any CPU
		{11D8A620-986B-47B7-8BDF-984C76E6D1A4}.Release|Any CPU.Build.0 = Release|Any CPU
		{A9086071-E942-4DAB-B3A5-38207E3AB52B}.Debug|Any CPU.ActiveCfg = Debug|Any CPU
		{A9086071-E942-4DAB-B3A5-38207E3AB52B}.Debug|Any CPU.Build.0 = Debug|Any CPU
		{A9086071-E942-4DAB-B3A5-38207E3AB52B}.Release|Any CPU.ActiveCfg = Release|Any CPU
		{A9086071-E942-4DAB-B3A5-38207E3AB52B}.Release|Any CPU.Build.0 = Release|Any CPU
		{451C6B3A-4728-46E7-A044-A1378AC07A58}.Debug|Any CPU.ActiveCfg = Debug|Any CPU
		{451C6B3A-4728-46E7-A044-A1378AC07A58}.Debug|Any CPU.Build.0 = Debug|Any CPU
		{451C6B3A-4728-46E7-A044-A1378AC07A58}.Release|Any CPU.ActiveCfg = Release|Any CPU
		{451C6B3A-4728-46E7-A044-A1378AC07A58}.Release|Any CPU.Build.0 = Release|Any CPU
		{ADBAC4A6-6B74-4FE5-8628-CD678BFA2AC0}.Debug|Any CPU.ActiveCfg = Debug|Any CPU
		{ADBAC4A6-6B74-4FE5-8628-CD678BFA2AC0}.Debug|Any CPU.Build.0 = Debug|Any CPU
		{ADBAC4A6-6B74-4FE5-8628-CD678BFA2AC0}.Release|Any CPU.ActiveCfg = Release|Any CPU
		{ADBAC4A6-6B74-4FE5-8628-CD678BFA2AC0}.Release|Any CPU.Build.0 = Release|Any CPU
	EndGlobalSection
	GlobalSection(SolutionProperties) = preSolution
		HideSolutionNode = FALSE
	EndGlobalSection
	GlobalSection(NestedProjects) = preSolution
		{8BE1D234-5838-4C08-8443-ED3704EC4733} = {E6C9DEBA-A7CC-4E47-B494-06DCC6E226BD}
		{F8E01203-D5D3-4CD6-B9CC-40BCF13CDE77} = {8BE1D234-5838-4C08-8443-ED3704EC4733}
		{045933D4-8E23-432B-B36D-FAFE3054C5E6} = {E6C9DEBA-A7CC-4E47-B494-06DCC6E226BD}
		{44E16655-5ED0-4959-AA30-EA113E810A36} = {045933D4-8E23-432B-B36D-FAFE3054C5E6}
		{4597CAC6-B195-47E9-9F6B-284DE5F3350E} = {E6C9DEBA-A7CC-4E47-B494-06DCC6E226BD}
		{F89A9E24-7A6A-4437-BC49-BF7243E03EE4} = {4597CAC6-B195-47E9-9F6B-284DE5F3350E}
		{17C7F7D4-A447-4AFB-A1DA-855957B88F8F} = {4597CAC6-B195-47E9-9F6B-284DE5F3350E}
		{33BD7046-D309-4C10-87D8-ED35E7AAE474} = {E6C9DEBA-A7CC-4E47-B494-06DCC6E226BD}
		{11D8A620-986B-47B7-8BDF-984C76E6D1A4} = {33BD7046-D309-4C10-87D8-ED35E7AAE474}
		{A9086071-E942-4DAB-B3A5-38207E3AB52B} = {33BD7046-D309-4C10-87D8-ED35E7AAE474}
		{451C6B3A-4728-46E7-A044-A1378AC07A58} = {33BD7046-D309-4C10-87D8-ED35E7AAE474}
		{ADBAC4A6-6B74-4FE5-8628-CD678BFA2AC0} = {33BD7046-D309-4C10-87D8-ED35E7AAE474}
	EndGlobalSection
	GlobalSection(ExtensibilityGlobals) = postSolution
		SolutionGuid = {C1FF6994-45B2-43DC-9F12-4035A1D608F3}
	EndGlobalSection
EndGlobal
